// !$*UTF8*$!
{
	archiveVersion = 1;
	classes = {
	};
	objectVersion = 56;
	objects = {

/* Begin PBXBuildFile section */
		524F9CCC2B0A6EDF00CFB452 /* H4X0RApp.swift in Sources */ = {isa = PBXBuildFile; fileRef = 524F9CCB2B0A6EDF00CFB452 /* H4X0RApp.swift */; };
		524F9CCE2B0A6EDF00CFB452 /* ContentView.swift in Sources */ = {isa = PBXBuildFile; fileRef = 524F9CCD2B0A6EDF00CFB452 /* ContentView.swift */; };
		524F9CD02B0A6EE000CFB452 /* Assets.xcassets in Resources */ = {isa = PBXBuildFile; fileRef = 524F9CCF2B0A6EE000CFB452 /* Assets.xcassets */; };
		524F9CD32B0A6EE000CFB452 /* Preview Assets.xcassets in Resources */ = {isa = PBXBuildFile; fileRef = 524F9CD22B0A6EE000CFB452 /* Preview Assets.xcassets */; };
		524F9CDD2B0A6EE000CFB452 /* H4X0RTests.swift in Sources */ = {isa = PBXBuildFile; fileRef = 524F9CDC2B0A6EE000CFB452 /* H4X0RTests.swift */; };
		524F9CE72B0A6EE100CFB452 /* H4X0RUITests.swift in Sources */ = {isa = PBXBuildFile; fileRef = 524F9CE62B0A6EE100CFB452 /* H4X0RUITests.swift */; };
		524F9CE92B0A6EE100CFB452 /* H4X0RUITestsLaunchTests.swift in Sources */ = {isa = PBXBuildFile; fileRef = 524F9CE82B0A6EE100CFB452 /* H4X0RUITestsLaunchTests.swift */; };
		524F9CF72B0A71BE00CFB452 /* NetworkManager.swift in Sources */ = {isa = PBXBuildFile; fileRef = 524F9CF62B0A71BE00CFB452 /* NetworkManager.swift */; };
		524F9CF92B0A75AD00CFB452 /* Results.swift in Sources */ = {isa = PBXBuildFile; fileRef = 524F9CF82B0A75AD00CFB452 /* Results.swift */; };
		524F9CFC2B0A7A6100CFB452 /* DetailView.swift in Sources */ = {isa = PBXBuildFile; fileRef = 524F9CFB2B0A7A6100CFB452 /* DetailView.swift */; };
		524F9CFE2B0A7E0000CFB452 /* WebView.swift in Sources */ = {isa = PBXBuildFile; fileRef = 524F9CFD2B0A7E0000CFB452 /* WebView.swift */; };
		5280BC1A2B0ED3A0006EEF43 /* SavedArticleModel.xcdatamodeld in Sources */ = {isa = PBXBuildFile; fileRef = 5280BC182B0ED3A0006EEF43 /* SavedArticleModel.xcdatamodeld */; };
		5280BC1D2B0ED821006EEF43 /* PersistanceManager.swift in Sources */ = {isa = PBXBuildFile; fileRef = 5280BC1C2B0ED821006EEF43 /* PersistanceManager.swift */; };
/* End PBXBuildFile section */

/* Begin PBXContainerItemProxy section */
		524F9CD92B0A6EE000CFB452 /* PBXContainerItemProxy */ = {
			isa = PBXContainerItemProxy;
			containerPortal = 524F9CC02B0A6EDF00CFB452 /* Project object */;
			proxyType = 1;
			remoteGlobalIDString = 524F9CC72B0A6EDF00CFB452;
			remoteInfo = H4X0R;
		};
		524F9CE32B0A6EE100CFB452 /* PBXContainerItemProxy */ = {
			isa = PBXContainerItemProxy;
			containerPortal = 524F9CC02B0A6EDF00CFB452 /* Project object */;
			proxyType = 1;
			remoteGlobalIDString = 524F9CC72B0A6EDF00CFB452;
			remoteInfo = H4X0R;
		};
/* End PBXContainerItemProxy section */

/* Begin PBXFileReference section */
		524F9CC82B0A6EDF00CFB452 /* H4X0R.app */ = {isa = PBXFileReference; explicitFileType = wrapper.application; includeInIndex = 0; path = H4X0R.app; sourceTree = BUILT_PRODUCTS_DIR; };
		524F9CCB2B0A6EDF00CFB452 /* H4X0RApp.swift */ = {isa = PBXFileReference; lastKnownFileType = sourcecode.swift; path = H4X0RApp.swift; sourceTree = "<group>"; };
		524F9CCD2B0A6EDF00CFB452 /* ContentView.swift */ = {isa = PBXFileReference; lastKnownFileType = sourcecode.swift; path = ContentView.swift; sourceTree = "<group>"; };
		524F9CCF2B0A6EE000CFB452 /* Assets.xcassets */ = {isa = PBXFileReference; lastKnownFileType = folder.assetcatalog; path = Assets.xcassets; sourceTree = "<group>"; };
		524F9CD22B0A6EE000CFB452 /* Preview Assets.xcassets */ = {isa = PBXFileReference; lastKnownFileType = folder.assetcatalog; path = "Preview Assets.xcassets"; sourceTree = "<group>"; };
		524F9CD82B0A6EE000CFB452 /* H4X0RTests.xctest */ = {isa = PBXFileReference; explicitFileType = wrapper.cfbundle; includeInIndex = 0; path = H4X0RTests.xctest; sourceTree = BUILT_PRODUCTS_DIR; };
		524F9CDC2B0A6EE000CFB452 /* H4X0RTests.swift */ = {isa = PBXFileReference; lastKnownFileType = sourcecode.swift; path = H4X0RTests.swift; sourceTree = "<group>"; };
		524F9CE22B0A6EE100CFB452 /* H4X0RUITests.xctest */ = {isa = PBXFileReference; explicitFileType = wrapper.cfbundle; includeInIndex = 0; path = H4X0RUITests.xctest; sourceTree = BUILT_PRODUCTS_DIR; };
		524F9CE62B0A6EE100CFB452 /* H4X0RUITests.swift */ = {isa = PBXFileReference; lastKnownFileType = sourcecode.swift; path = H4X0RUITests.swift; sourceTree = "<group>"; };
		524F9CE82B0A6EE100CFB452 /* H4X0RUITestsLaunchTests.swift */ = {isa = PBXFileReference; lastKnownFileType = sourcecode.swift; path = H4X0RUITestsLaunchTests.swift; sourceTree = "<group>"; };
		524F9CF62B0A71BE00CFB452 /* NetworkManager.swift */ = {isa = PBXFileReference; lastKnownFileType = sourcecode.swift; path = NetworkManager.swift; sourceTree = "<group>"; };
		524F9CF82B0A75AD00CFB452 /* Results.swift */ = {isa = PBXFileReference; lastKnownFileType = sourcecode.swift; path = Results.swift; sourceTree = "<group>"; };
		524F9CFB2B0A7A6100CFB452 /* DetailView.swift */ = {isa = PBXFileReference; lastKnownFileType = sourcecode.swift; path = DetailView.swift; sourceTree = "<group>"; };
		524F9CFD2B0A7E0000CFB452 /* WebView.swift */ = {isa = PBXFileReference; lastKnownFileType = sourcecode.swift; path = WebView.swift; sourceTree = "<group>"; };
		524F9CFF2B0A846A00CFB452 /* H4X0R.entitlements */ = {isa = PBXFileReference; lastKnownFileType = text.plist.entitlements; path = H4X0R.entitlements; sourceTree = "<group>"; };
		5280BC192B0ED3A0006EEF43 /* SavedListModel.xcdatamodel */ = {isa = PBXFileReference; lastKnownFileType = wrapper.xcdatamodel; path = SavedListModel.xcdatamodel; sourceTree = "<group>"; };
		5280BC1C2B0ED821006EEF43 /* PersistanceManager.swift */ = {isa = PBXFileReference; lastKnownFileType = sourcecode.swift; path = PersistanceManager.swift; sourceTree = "<group>"; };
		5280BC202B0F79D5006EEF43 /* Info.plist */ = {isa = PBXFileReference; lastKnownFileType = text.plist; path = Info.plist; sourceTree = "<group>"; };
/* End PBXFileReference section */

/* Begin PBXFrameworksBuildPhase section */
		524F9CC52B0A6EDF00CFB452 /* Frameworks */ = {
			isa = PBXFrameworksBuildPhase;
			buildActionMask = 2147483647;
			files = (
			);
			runOnlyForDeploymentPostprocessing = 0;
		};
		524F9CD52B0A6EE000CFB452 /* Frameworks */ = {
			isa = PBXFrameworksBuildPhase;
			buildActionMask = 2147483647;
			files = (
			);
			runOnlyForDeploymentPostprocessing = 0;
		};
		524F9CDF2B0A6EE100CFB452 /* Frameworks */ = {
			isa = PBXFrameworksBuildPhase;
			buildActionMask = 2147483647;
			files = (
			);
			runOnlyForDeploymentPostprocessing = 0;
		};
/* End PBXFrameworksBuildPhase section */

/* Begin PBXGroup section */
		524F9CBF2B0A6EDF00CFB452 = {
			isa = PBXGroup;
			children = (
				524F9CCA2B0A6EDF00CFB452 /* H4X0R */,
				524F9CDB2B0A6EE000CFB452 /* H4X0RTests */,
				524F9CE52B0A6EE100CFB452 /* H4X0RUITests */,
				524F9CC92B0A6EDF00CFB452 /* Products */,
			);
			sourceTree = "<group>";
		};
		524F9CC92B0A6EDF00CFB452 /* Products */ = {
			isa = PBXGroup;
			children = (
				524F9CC82B0A6EDF00CFB452 /* H4X0R.app */,
				524F9CD82B0A6EE000CFB452 /* H4X0RTests.xctest */,
				524F9CE22B0A6EE100CFB452 /* H4X0RUITests.xctest */,
			);
			name = Products;
			sourceTree = "<group>";
		};
		524F9CCA2B0A6EDF00CFB452 /* H4X0R */ = {
			isa = PBXGroup;
			children = (
				5280BC202B0F79D5006EEF43 /* Info.plist */,
				524F9CFF2B0A846A00CFB452 /* H4X0R.entitlements */,
				524F9CF52B0A71AF00CFB452 /* Models */,
				524F9CCB2B0A6EDF00CFB452 /* H4X0RApp.swift */,
				524F9CCD2B0A6EDF00CFB452 /* ContentView.swift */,
				524F9CFA2B0A7A4D00CFB452 /* Views */,
				524F9CCF2B0A6EE000CFB452 /* Assets.xcassets */,
				524F9CD12B0A6EE000CFB452 /* Preview Content */,
			);
			path = H4X0R;
			sourceTree = "<group>";
		};
		524F9CD12B0A6EE000CFB452 /* Preview Content */ = {
			isa = PBXGroup;
			children = (
				524F9CD22B0A6EE000CFB452 /* Preview Assets.xcassets */,
			);
			path = "Preview Content";
			sourceTree = "<group>";
		};
		524F9CDB2B0A6EE000CFB452 /* H4X0RTests */ = {
			isa = PBXGroup;
			children = (
				524F9CDC2B0A6EE000CFB452 /* H4X0RTests.swift */,
			);
			path = H4X0RTests;
			sourceTree = "<group>";
		};
		524F9CE52B0A6EE100CFB452 /* H4X0RUITests */ = {
			isa = PBXGroup;
			children = (
				524F9CE62B0A6EE100CFB452 /* H4X0RUITests.swift */,
				524F9CE82B0A6EE100CFB452 /* H4X0RUITestsLaunchTests.swift */,
			);
			path = H4X0RUITests;
			sourceTree = "<group>";
		};
		524F9CF52B0A71AF00CFB452 /* Models */ = {
			isa = PBXGroup;
			children = (
				5280BC1B2B0ED80C006EEF43 /* SavedList */,
				524F9CF62B0A71BE00CFB452 /* NetworkManager.swift */,
				524F9CF82B0A75AD00CFB452 /* Results.swift */,
			);
			path = Models;
			sourceTree = "<group>";
		};
		524F9CFA2B0A7A4D00CFB452 /* Views */ = {
			isa = PBXGroup;
			children = (
				524F9CFB2B0A7A6100CFB452 /* DetailView.swift */,
				524F9CFD2B0A7E0000CFB452 /* WebView.swift */,
			);
			path = Views;
			sourceTree = "<group>";
		};
		5280BC1B2B0ED80C006EEF43 /* SavedList */ = {
			isa = PBXGroup;
			children = (
				5280BC182B0ED3A0006EEF43 /* SavedArticleModel.xcdatamodeld */,
				5280BC1C2B0ED821006EEF43 /* PersistanceManager.swift */,
			);
			path = SavedList;
			sourceTree = "<group>";
		};
/* End PBXGroup section */

/* Begin PBXNativeTarget section */
		524F9CC72B0A6EDF00CFB452 /* H4X0R */ = {
			isa = PBXNativeTarget;
			buildConfigurationList = 524F9CEC2B0A6EE100CFB452 /* Build configuration list for PBXNativeTarget "H4X0R" */;
			buildPhases = (
				524F9CC42B0A6EDF00CFB452 /* Sources */,
				524F9CC52B0A6EDF00CFB452 /* Frameworks */,
				524F9CC62B0A6EDF00CFB452 /* Resources */,
			);
			buildRules = (
			);
			dependencies = (
			);
			name = H4X0R;
			productName = H4X0R;
			productReference = 524F9CC82B0A6EDF00CFB452 /* H4X0R.app */;
			productType = "com.apple.product-type.application";
		};
		524F9CD72B0A6EE000CFB452 /* H4X0RTests */ = {
			isa = PBXNativeTarget;
			buildConfigurationList = 524F9CEF2B0A6EE100CFB452 /* Build configuration list for PBXNativeTarget "H4X0RTests" */;
			buildPhases = (
				524F9CD42B0A6EE000CFB452 /* Sources */,
				524F9CD52B0A6EE000CFB452 /* Frameworks */,
				524F9CD62B0A6EE000CFB452 /* Resources */,
			);
			buildRules = (
			);
			dependencies = (
				524F9CDA2B0A6EE000CFB452 /* PBXTargetDependency */,
			);
			name = H4X0RTests;
			productName = H4X0RTests;
			productReference = 524F9CD82B0A6EE000CFB452 /* H4X0RTests.xctest */;
			productType = "com.apple.product-type.bundle.unit-test";
		};
		524F9CE12B0A6EE100CFB452 /* H4X0RUITests */ = {
			isa = PBXNativeTarget;
			buildConfigurationList = 524F9CF22B0A6EE100CFB452 /* Build configuration list for PBXNativeTarget "H4X0RUITests" */;
			buildPhases = (
				524F9CDE2B0A6EE100CFB452 /* Sources */,
				524F9CDF2B0A6EE100CFB452 /* Frameworks */,
				524F9CE02B0A6EE100CFB452 /* Resources */,
			);
			buildRules = (
			);
			dependencies = (
				524F9CE42B0A6EE100CFB452 /* PBXTargetDependency */,
			);
			name = H4X0RUITests;
			productName = H4X0RUITests;
			productReference = 524F9CE22B0A6EE100CFB452 /* H4X0RUITests.xctest */;
			productType = "com.apple.product-type.bundle.ui-testing";
		};
/* End PBXNativeTarget section */

/* Begin PBXProject section */
		524F9CC02B0A6EDF00CFB452 /* Project object */ = {
			isa = PBXProject;
			attributes = {
				BuildIndependentTargetsInParallel = 1;
				LastSwiftUpdateCheck = 1500;
				LastUpgradeCheck = 1500;
				TargetAttributes = {
					524F9CC72B0A6EDF00CFB452 = {
						CreatedOnToolsVersion = 15.0;
					};
					524F9CD72B0A6EE000CFB452 = {
						CreatedOnToolsVersion = 15.0;
						TestTargetID = 524F9CC72B0A6EDF00CFB452;
					};
					524F9CE12B0A6EE100CFB452 = {
						CreatedOnToolsVersion = 15.0;
						TestTargetID = 524F9CC72B0A6EDF00CFB452;
					};
				};
			};
			buildConfigurationList = 524F9CC32B0A6EDF00CFB452 /* Build configuration list for PBXProject "H4X0R" */;
			compatibilityVersion = "Xcode 14.0";
			developmentRegion = en;
			hasScannedForEncodings = 0;
			knownRegions = (
				en,
				Base,
			);
			mainGroup = 524F9CBF2B0A6EDF00CFB452;
			productRefGroup = 524F9CC92B0A6EDF00CFB452 /* Products */;
			projectDirPath = "";
			projectRoot = "";
			targets = (
				524F9CC72B0A6EDF00CFB452 /* H4X0R */,
				524F9CD72B0A6EE000CFB452 /* H4X0RTests */,
				524F9CE12B0A6EE100CFB452 /* H4X0RUITests */,
			);
		};
/* End PBXProject section */

/* Begin PBXResourcesBuildPhase section */
		524F9CC62B0A6EDF00CFB452 /* Resources */ = {
			isa = PBXResourcesBuildPhase;
			buildActionMask = 2147483647;
			files = (
				524F9CD32B0A6EE000CFB452 /* Preview Assets.xcassets in Resources */,
				524F9CD02B0A6EE000CFB452 /* Assets.xcassets in Resources */,
			);
			runOnlyForDeploymentPostprocessing = 0;
		};
		524F9CD62B0A6EE000CFB452 /* Resources */ = {
			isa = PBXResourcesBuildPhase;
			buildActionMask = 2147483647;
			files = (
			);
			runOnlyForDeploymentPostprocessing = 0;
		};
		524F9CE02B0A6EE100CFB452 /* Resources */ = {
			isa = PBXResourcesBuildPhase;
			buildActionMask = 2147483647;
			files = (
			);
			runOnlyForDeploymentPostprocessing = 0;
		};
/* End PBXResourcesBuildPhase section */

/* Begin PBXSourcesBuildPhase section */
		524F9CC42B0A6EDF00CFB452 /* Sources */ = {
			isa = PBXSourcesBuildPhase;
			buildActionMask = 2147483647;
			files = (
				524F9CF72B0A71BE00CFB452 /* NetworkManager.swift in Sources */,
				5280BC1D2B0ED821006EEF43 /* PersistanceManager.swift in Sources */,
				524F9CCE2B0A6EDF00CFB452 /* ContentView.swift in Sources */,
				524F9CF92B0A75AD00CFB452 /* Results.swift in Sources */,
				524F9CFE2B0A7E0000CFB452 /* WebView.swift in Sources */,
				5280BC1A2B0ED3A0006EEF43 /* SavedArticleModel.xcdatamodeld in Sources */,
				524F9CFC2B0A7A6100CFB452 /* DetailView.swift in Sources */,
				524F9CCC2B0A6EDF00CFB452 /* H4X0RApp.swift in Sources */,
			);
			runOnlyForDeploymentPostprocessing = 0;
		};
		524F9CD42B0A6EE000CFB452 /* Sources */ = {
			isa = PBXSourcesBuildPhase;
			buildActionMask = 2147483647;
			files = (
				524F9CDD2B0A6EE000CFB452 /* H4X0RTests.swift in Sources */,
			);
			runOnlyForDeploymentPostprocessing = 0;
		};
		524F9CDE2B0A6EE100CFB452 /* Sources */ = {
			isa = PBXSourcesBuildPhase;
			buildActionMask = 2147483647;
			files = (
				524F9CE72B0A6EE100CFB452 /* H4X0RUITests.swift in Sources */,
				524F9CE92B0A6EE100CFB452 /* H4X0RUITestsLaunchTests.swift in Sources */,
			);
			runOnlyForDeploymentPostprocessing = 0;
		};
/* End PBXSourcesBuildPhase section */

/* Begin PBXTargetDependency section */
		524F9CDA2B0A6EE000CFB452 /* PBXTargetDependency */ = {
			isa = PBXTargetDependency;
			target = 524F9CC72B0A6EDF00CFB452 /* H4X0R */;
			targetProxy = 524F9CD92B0A6EE000CFB452 /* PBXContainerItemProxy */;
		};
		524F9CE42B0A6EE100CFB452 /* PBXTargetDependency */ = {
			isa = PBXTargetDependency;
			target = 524F9CC72B0A6EDF00CFB452 /* H4X0R */;
			targetProxy = 524F9CE32B0A6EE100CFB452 /* PBXContainerItemProxy */;
		};
/* End PBXTargetDependency section */

/* Begin XCBuildConfiguration section */
		524F9CEA2B0A6EE100CFB452 /* Debug */ = {
			isa = XCBuildConfiguration;
			buildSettings = {
				ALWAYS_SEARCH_USER_PATHS = NO;
				ASSETCATALOG_COMPILER_GENERATE_SWIFT_ASSET_SYMBOL_EXTENSIONS = YES;
				CLANG_ANALYZER_NONNULL = YES;
				CLANG_ANALYZER_NUMBER_OBJECT_CONVERSION = YES_AGGRESSIVE;
				CLANG_CXX_LANGUAGE_STANDARD = "gnu++20";
				CLANG_ENABLE_MODULES = YES;
				CLANG_ENABLE_OBJC_ARC = YES;
				CLANG_ENABLE_OBJC_WEAK = YES;
				CLANG_WARN_BLOCK_CAPTURE_AUTORELEASING = YES;
				CLANG_WARN_BOOL_CONVERSION = YES;
				CLANG_WARN_COMMA = YES;
				CLANG_WARN_CONSTANT_CONVERSION = YES;
				CLANG_WARN_DEPRECATED_OBJC_IMPLEMENTATIONS = YES;
				CLANG_WARN_DIRECT_OBJC_ISA_USAGE = YES_ERROR;
				CLANG_WARN_DOCUMENTATION_COMMENTS = YES;
				CLANG_WARN_EMPTY_BODY = YES;
				CLANG_WARN_ENUM_CONVERSION = YES;
				CLANG_WARN_INFINITE_RECURSION = YES;
				CLANG_WARN_INT_CONVERSION = YES;
				CLANG_WARN_NON_LITERAL_NULL_CONVERSION = YES;
				CLANG_WARN_OBJC_IMPLICIT_RETAIN_SELF = YES;
				CLANG_WARN_OBJC_LITERAL_CONVERSION = YES;
				CLANG_WARN_OBJC_ROOT_CLASS = YES_ERROR;
				CLANG_WARN_QUOTED_INCLUDE_IN_FRAMEWORK_HEADER = YES;
				CLANG_WARN_RANGE_LOOP_ANALYSIS = YES;
				CLANG_WARN_STRICT_PROTOTYPES = YES;
				CLANG_WARN_SUSPICIOUS_MOVE = YES;
				CLANG_WARN_UNGUARDED_AVAILABILITY = YES_AGGRESSIVE;
				CLANG_WARN_UNREACHABLE_CODE = YES;
				CLANG_WARN__DUPLICATE_METHOD_MATCH = YES;
				COPY_PHASE_STRIP = NO;
				DEBUG_INFORMATION_FORMAT = dwarf;
				ENABLE_STRICT_OBJC_MSGSEND = YES;
				ENABLE_TESTABILITY = YES;
				ENABLE_USER_SCRIPT_SANDBOXING = YES;
				GCC_C_LANGUAGE_STANDARD = gnu17;
				GCC_DYNAMIC_NO_PIC = NO;
				GCC_NO_COMMON_BLOCKS = YES;
				GCC_OPTIMIZATION_LEVEL = 0;
				GCC_PREPROCESSOR_DEFINITIONS = (
					"DEBUG=1",
					"$(inherited)",
				);
				GCC_WARN_64_TO_32_BIT_CONVERSION = YES;
				GCC_WARN_ABOUT_RETURN_TYPE = YES_ERROR;
				GCC_WARN_UNDECLARED_SELECTOR = YES;
				GCC_WARN_UNINITIALIZED_AUTOS = YES_AGGRESSIVE;
				GCC_WARN_UNUSED_FUNCTION = YES;
				GCC_WARN_UNUSED_VARIABLE = YES;
				IPHONEOS_DEPLOYMENT_TARGET = 17.0;
				LOCALIZATION_PREFERS_STRING_CATALOGS = YES;
				MTL_ENABLE_DEBUG_INFO = INCLUDE_SOURCE;
				MTL_FAST_MATH = YES;
				ONLY_ACTIVE_ARCH = YES;
				SDKROOT = iphoneos;
				SWIFT_ACTIVE_COMPILATION_CONDITIONS = "DEBUG $(inherited)";
				SWIFT_OPTIMIZATION_LEVEL = "-Onone";
			};
			name = Debug;
		};
		524F9CEB2B0A6EE100CFB452 /* Release */ = {
			isa = XCBuildConfiguration;
			buildSettings = {
				ALWAYS_SEARCH_USER_PATHS = NO;
				ASSETCATALOG_COMPILER_GENERATE_SWIFT_ASSET_SYMBOL_EXTENSIONS = YES;
				CLANG_ANALYZER_NONNULL = YES;
				CLANG_ANALYZER_NUMBER_OBJECT_CONVERSION = YES_AGGRESSIVE;
				CLANG_CXX_LANGUAGE_STANDARD = "gnu++20";
				CLANG_ENABLE_MODULES = YES;
				CLANG_ENABLE_OBJC_ARC = YES;
				CLANG_ENABLE_OBJC_WEAK = YES;
				CLANG_WARN_BLOCK_CAPTURE_AUTORELEASING = YES;
				CLANG_WARN_BOOL_CONVERSION = YES;
				CLANG_WARN_COMMA = YES;
				CLANG_WARN_CONSTANT_CONVERSION = YES;
				CLANG_WARN_DEPRECATED_OBJC_IMPLEMENTATIONS = YES;
				CLANG_WARN_DIRECT_OBJC_ISA_USAGE = YES_ERROR;
				CLANG_WARN_DOCUMENTATION_COMMENTS = YES;
				CLANG_WARN_EMPTY_BODY = YES;
				CLANG_WARN_ENUM_CONVERSION = YES;
				CLANG_WARN_INFINITE_RECURSION = YES;
				CLANG_WARN_INT_CONVERSION = YES;
				CLANG_WARN_NON_LITERAL_NULL_CONVERSION = YES;
				CLANG_WARN_OBJC_IMPLICIT_RETAIN_SELF = YES;
				CLANG_WARN_OBJC_LITERAL_CONVERSION = YES;
				CLANG_WARN_OBJC_ROOT_CLASS = YES_ERROR;
				CLANG_WARN_QUOTED_INCLUDE_IN_FRAMEWORK_HEADER = YES;
				CLANG_WARN_RANGE_LOOP_ANALYSIS = YES;
				CLANG_WARN_STRICT_PROTOTYPES = YES;
				CLANG_WARN_SUSPICIOUS_MOVE = YES;
				CLANG_WARN_UNGUARDED_AVAILABILITY = YES_AGGRESSIVE;
				CLANG_WARN_UNREACHABLE_CODE = YES;
				CLANG_WARN__DUPLICATE_METHOD_MATCH = YES;
				COPY_PHASE_STRIP = NO;
				DEBUG_INFORMATION_FORMAT = "dwarf-with-dsym";
				ENABLE_NS_ASSERTIONS = NO;
				ENABLE_STRICT_OBJC_MSGSEND = YES;
				ENABLE_USER_SCRIPT_SANDBOXING = YES;
				GCC_C_LANGUAGE_STANDARD = gnu17;
				GCC_NO_COMMON_BLOCKS = YES;
				GCC_WARN_64_TO_32_BIT_CONVERSION = YES;
				GCC_WARN_ABOUT_RETURN_TYPE = YES_ERROR;
				GCC_WARN_UNDECLARED_SELECTOR = YES;
				GCC_WARN_UNINITIALIZED_AUTOS = YES_AGGRESSIVE;
				GCC_WARN_UNUSED_FUNCTION = YES;
				GCC_WARN_UNUSED_VARIABLE = YES;
				IPHONEOS_DEPLOYMENT_TARGET = 17.0;
				LOCALIZATION_PREFERS_STRING_CATALOGS = YES;
				MTL_ENABLE_DEBUG_INFO = NO;
				MTL_FAST_MATH = YES;
				SDKROOT = iphoneos;
				SWIFT_COMPILATION_MODE = wholemodule;
				VALIDATE_PRODUCT = YES;
			};
			name = Release;
		};
		524F9CED2B0A6EE100CFB452 /* Debug */ = {
			isa = XCBuildConfiguration;
			buildSettings = {
				ASSETCATALOG_COMPILER_APPICON_NAME = AppIcon;
				ASSETCATALOG_COMPILER_GLOBAL_ACCENT_COLOR_NAME = AccentColor;
				CODE_SIGN_ENTITLEMENTS = H4X0R/H4X0R.entitlements;
				CODE_SIGN_STYLE = Automatic;
				CURRENT_PROJECT_VERSION = 1;
				DEVELOPMENT_ASSET_PATHS = "\"H4X0R/Preview Content\"";
				DEVELOPMENT_TEAM = 3PX25N6786;
				ENABLE_PREVIEWS = YES;
				GENERATE_INFOPLIST_FILE = YES;
				INFOPLIST_FILE = H4X0R/Info.plist;
				INFOPLIST_KEY_UIApplicationSceneManifest_Generation = YES;
				INFOPLIST_KEY_UIApplicationSupportsIndirectInputEvents = YES;
				INFOPLIST_KEY_UILaunchScreen_Generation = YES;
				INFOPLIST_KEY_UISupportedInterfaceOrientations_iPad = "UIInterfaceOrientationPortrait UIInterfaceOrientationPortraitUpsideDown UIInterfaceOrientationLandscapeLeft UIInterfaceOrientationLandscapeRight";
				INFOPLIST_KEY_UISupportedInterfaceOrientations_iPhone = "UIInterfaceOrientationPortrait UIInterfaceOrientationLandscapeLeft UIInterfaceOrientationLandscapeRight";
				IPHONEOS_DEPLOYMENT_TARGET = 15.0;
				LD_RUNPATH_SEARCH_PATHS = (
					"$(inherited)",
					"@executable_path/Frameworks",
				);
				MARKETING_VERSION = 1.0;
				PRODUCT_BUNDLE_IDENTIFIER = com.john.silver.H4X0R;
				PRODUCT_NAME = "$(TARGET_NAME)";
				SUPPORTED_PLATFORMS = "iphoneos iphonesimulator";
				SUPPORTS_MACCATALYST = YES;
				SUPPORTS_MAC_DESIGNED_FOR_IPHONE_IPAD = NO;
				SWIFT_EMIT_LOC_STRINGS = YES;
				SWIFT_VERSION = 5.0;
				TARGETED_DEVICE_FAMILY = "1,2";
			};
			name = Debug;
		};
		524F9CEE2B0A6EE100CFB452 /* Release */ = {
			isa = XCBuildConfiguration;
			buildSettings = {
				ASSETCATALOG_COMPILER_APPICON_NAME = AppIcon;
				ASSETCATALOG_COMPILER_GLOBAL_ACCENT_COLOR_NAME = AccentColor;
				CODE_SIGN_ENTITLEMENTS = H4X0R/H4X0R.entitlements;
				CODE_SIGN_STYLE = Automatic;
				CURRENT_PROJECT_VERSION = 1;
				DEVELOPMENT_ASSET_PATHS = "\"H4X0R/Preview Content\"";
				DEVELOPMENT_TEAM = 3PX25N6786;
				ENABLE_PREVIEWS = YES;
				GENERATE_INFOPLIST_FILE = YES;
				INFOPLIST_FILE = H4X0R/Info.plist;
				INFOPLIST_KEY_UIApplicationSceneManifest_Generation = YES;
				INFOPLIST_KEY_UIApplicationSupportsIndirectInputEvents = YES;
				INFOPLIST_KEY_UILaunchScreen_Generation = YES;
				INFOPLIST_KEY_UISupportedInterfaceOrientations_iPad = "UIInterfaceOrientationPortrait UIInterfaceOrientationPortraitUpsideDown UIInterfaceOrientationLandscapeLeft UIInterfaceOrientationLandscapeRight";
				INFOPLIST_KEY_UISupportedInterfaceOrientations_iPhone = "UIInterfaceOrientationPortrait UIInterfaceOrientationLandscapeLeft UIInterfaceOrientationLandscapeRight";
				IPHONEOS_DEPLOYMENT_TARGET = 15.0;
				LD_RUNPATH_SEARCH_PATHS = (
					"$(inherited)",
					"@executable_path/Frameworks",
				);
				MARKETING_VERSION = 1.0;
				PRODUCT_BUNDLE_IDENTIFIER = com.john.silver.H4X0R;
				PRODUCT_NAME = "$(TARGET_NAME)";
				SUPPORTED_PLATFORMS = "iphoneos iphonesimulator";
				SUPPORTS_MACCATALYST = YES;
				SUPPORTS_MAC_DESIGNED_FOR_IPHONE_IPAD = NO;
				SWIFT_EMIT_LOC_STRINGS = YES;
				SWIFT_VERSION = 5.0;
				TARGETED_DEVICE_FAMILY = "1,2";
			};
			name = Release;
		};
		524F9CF02B0A6EE100CFB452 /* Debug */ = {
			isa = XCBuildConfiguration;
			buildSettings = {
				ALWAYS_EMBED_SWIFT_STANDARD_LIBRARIES = YES;
				BUNDLE_LOADER = "$(TEST_HOST)";
				CODE_SIGN_STYLE = Automatic;
				CURRENT_PROJECT_VERSION = 1;
				DEVELOPMENT_TEAM = 3PX25N6786;
				GENERATE_INFOPLIST_FILE = YES;
				IPHONEOS_DEPLOYMENT_TARGET = 17.0;
				MARKETING_VERSION = 1.0;
				PRODUCT_BUNDLE_IDENTIFIER = com.john.silver.H4X0RTests;
				PRODUCT_NAME = "$(TARGET_NAME)";
				SWIFT_EMIT_LOC_STRINGS = NO;
				SWIFT_VERSION = 5.0;
				TARGETED_DEVICE_FAMILY = "1,2";
				TEST_HOST = "$(BUILT_PRODUCTS_DIR)/H4X0R.app/$(BUNDLE_EXECUTABLE_FOLDER_PATH)/H4X0R";
			};
			name = Debug;
		};
		524F9CF12B0A6EE100CFB452 /* Release */ = {
			isa = XCBuildConfiguration;
			buildSettings = {
				ALWAYS_EMBED_SWIFT_STANDARD_LIBRARIES = YES;
				BUNDLE_LOADER = "$(TEST_HOST)";
				CODE_SIGN_STYLE = Automatic;
				CURRENT_PROJECT_VERSION = 1;
				DEVELOPMENT_TEAM = 3PX25N6786;
				GENERATE_INFOPLIST_FILE = YES;
				IPHONEOS_DEPLOYMENT_TARGET = 17.0;
				MARKETING_VERSION = 1.0;
				PRODUCT_BUNDLE_IDENTIFIER = com.john.silver.H4X0RTests;
				PRODUCT_NAME = "$(TARGET_NAME)";
				SWIFT_EMIT_LOC_STRINGS = NO;
				SWIFT_VERSION = 5.0;
				TARGETED_DEVICE_FAMILY = "1,2";
				TEST_HOST = "$(BUILT_PRODUCTS_DIR)/H4X0R.app/$(BUNDLE_EXECUTABLE_FOLDER_PATH)/H4X0R";
			};
			name = Release;
		};
		524F9CF32B0A6EE100CFB452 /* Debug */ = {
			isa = XCBuildConfiguration;
			buildSettings = {
				ALWAYS_EMBED_SWIFT_STANDARD_LIBRARIES = YES;
				CODE_SIGN_STYLE = Automatic;
				CURRENT_PROJECT_VERSION = 1;
				DEVELOPMENT_TEAM = 3PX25N6786;
				GENERATE_INFOPLIST_FILE = YES;
				MARKETING_VERSION = 1.0;
				PRODUCT_BUNDLE_IDENTIFIER = com.john.silver.H4X0RUITests;
				PRODUCT_NAME = "$(TARGET_NAME)";
				SWIFT_EMIT_LOC_STRINGS = NO;
				SWIFT_VERSION = 5.0;
				TARGETED_DEVICE_FAMILY = "1,2";
				TEST_TARGET_NAME = H4X0R;
			};
			name = Debug;
		};
		524F9CF42B0A6EE100CFB452 /* Release */ = {
			isa = XCBuildConfiguration;
			buildSettings = {
				ALWAYS_EMBED_SWIFT_STANDARD_LIBRARIES = YES;
				CODE_SIGN_STYLE = Automatic;
				CURRENT_PROJECT_VERSION = 1;
				DEVELOPMENT_TEAM = 3PX25N6786;
				GENERATE_INFOPLIST_FILE = YES;
				MARKETING_VERSION = 1.0;
				PRODUCT_BUNDLE_IDENTIFIER = com.john.silver.H4X0RUITests;
				PRODUCT_NAME = "$(TARGET_NAME)";
				SWIFT_EMIT_LOC_STRINGS = NO;
				SWIFT_VERSION = 5.0;
				TARGETED_DEVICE_FAMILY = "1,2";
				TEST_TARGET_NAME = H4X0R;
			};
			name = Release;
		};
/* End XCBuildConfiguration section */

/* Begin XCConfigurationList section */
		524F9CC32B0A6EDF00CFB452 /* Build configuration list for PBXProject "H4X0R" */ = {
			isa = XCConfigurationList;
			buildConfigurations = (
				524F9CEA2B0A6EE100CFB452 /* Debug */,
				524F9CEB2B0A6EE100CFB452 /* Release */,
			);
			defaultConfigurationIsVisible = 0;
			defaultConfigurationName = Release;
		};
		524F9CEC2B0A6EE100CFB452 /* Build configuration list for PBXNativeTarget "H4X0R" */ = {
			isa = XCConfigurationList;
			buildConfigurations = (
				524F9CED2B0A6EE100CFB452 /* Debug */,
				524F9CEE2B0A6EE100CFB452 /* Release */,
			);
			defaultConfigurationIsVisible = 0;
			defaultConfigurationName = Release;
		};
		524F9CEF2B0A6EE100CFB452 /* Build configuration list for PBXNativeTarget "H4X0RTests" */ = {
			isa = XCConfigurationList;
			buildConfigurations = (
				524F9CF02B0A6EE100CFB452 /* Debug */,
				524F9CF12B0A6EE100CFB452 /* Release */,
			);
			defaultConfigurationIsVisible = 0;
			defaultConfigurationName = Release;
		};
		524F9CF22B0A6EE100CFB452 /* Build configuration list for PBXNativeTarget "H4X0RUITests" */ = {
			isa = XCConfigurationList;
			buildConfigurations = (
				524F9CF32B0A6EE100CFB452 /* Debug */,
				524F9CF42B0A6EE100CFB452 /* Release */,
			);
			defaultConfigurationIsVisible = 0;
			defaultConfigurationName = Release;
		};
/* End XCConfigurationList section */

/* Begin XCVersionGroup section */
		5280BC182B0ED3A0006EEF43 /* SavedArticleModel.xcdatamodeld */ = {
			isa = XCVersionGroup;
			children = (
				5280BC192B0ED3A0006EEF43 /* SavedListModel.xcdatamodel */,
			);
			currentVersion = 5280BC192B0ED3A0006EEF43 /* SavedListModel.xcdatamodel */;
			path = SavedArticleModel.xcdatamodeld;
			sourceTree = "<group>";
			versionGroupType = wrapper.xcdatamodel;
		};
/* End XCVersionGroup section */
	};
	rootObject = 524F9CC02B0A6EDF00CFB452 /* Project object */;
}
